
Microsoft Visual Studio Solution File, Format Version 12.00
# Visual Studio Version 17
VisualStudioVersion = 17.2.32526.322
MinimumVisualStudioVersion = 10.0.40219.1
Project("{FAE04EC0-301F-11D3-BF4B-00C04F79EFBC}") = "pjPrueba1", "pjPrueba1\pjPrueba1.csproj", "{43A1EC8F-1FFC-4E68-BAAE-A81C5A90543C}"
EndProject
Global
	GlobalSection(SolutionConfigurationPlatforms) = preSolution
		Debug|Any CPU = Debug|Any CPU
		Release|Any CPU = Release|Any CPU
	EndGlobalSection
	GlobalSection(ProjectConfigurationPlatforms) = postSolution
		{43A1EC8F-1FFC-4E68-BAAE-A81C5A90543C}.Debug|Any CPU.ActiveCfg = Debug|Any CPU
		{43A1EC8F-1FFC-4E68-BAAE-A81C5A90543C}.Debug|Any CPU.Build.0 = Debug|Any CPU
		{43A1EC8F-1FFC-4E68-BAAE-A81C5A90543C}.Release|Any CPU.ActiveCfg = Release|Any CPU
		{43A1EC8F-1FFC-4E68-BAAE-A81C5A90543C}.Release|Any CPU.Build.0 = Release|Any CPU
	EndGlobalSection
	GlobalSection(SolutionProperties) = preSolution
		HideSolutionNode = FALSE
	EndGlobalSection
	GlobalSection(ExtensibilityGlobals) = postSolution
		SolutionGuid = {209FB353-7F20-4705-A863-AE43E1AC8EEE}
	EndGlobalSection
EndGlobal
